
Microsoft Visual Studio Solution File, Format Version 12.00
# Visual Studio Version 17
VisualStudioVersion = 17.3.32825.248
MinimumVisualStudioVersion = 10.0.40219.1
Project("{FAE04EC0-301F-11D3-BF4B-00C04F79EFBC}") = "BAI3_1", "BAI3_1\BAI3_1.csproj", "{882016B7-F9DC-4E0F-B620-B20FEE1032B3}"
EndProject
Project("{FAE04EC0-301F-11D3-BF4B-00C04F79EFBC}") = "BAI3_2", "BAI3_2\BAI3_2.csproj", "{7B8DBDDE-21A4-4F4B-93B2-7DA66750029A}"
EndProject
Project("{FAE04EC0-301F-11D3-BF4B-00C04F79EFBC}") = "BAI3_3", "BAI3_3\BAI3_3.csproj", "{EB03DF03-E971-47B3-99F6-8D4A9F59A3CB}"
EndProject
Project("{FAE04EC0-301F-11D3-BF4B-00C04F79EFBC}") = "BAI3_5", "BAI3_5\BAI3_5.csproj", "{13C9F8E8-DD13-47F7-9CB0-98B9DBB9DA08}"
EndProject
Project("{FAE04EC0-301F-11D3-BF4B-00C04F79EFBC}") = "BAI3_6", "BAI3_6\BAI3_6.csproj", "{EFE8050E-3CA7-47A7-8FDD-1323452F37E3}"
EndProject
Project("{FAE04EC0-301F-11D3-BF4B-00C04F79EFBC}") = "BAI3_7", "BAI3_7\BAI3_7.csproj", "{892688AA-84A9-4547-9C5A-02333CE96D40}"
EndProject
Project("{FAE04EC0-301F-11D3-BF4B-00C04F79EFBC}") = "BAI3_8", "BAI3_8\BAI3_8.csproj", "{F0F88C1B-B09B-420F-B0E0-CBDCBC2DAC63}"
EndProject
Project("{FAE04EC0-301F-11D3-BF4B-00C04F79EFBC}") = "BAI3_9", "BAI3_9\BAI3_9.csproj", "{EEE7067D-8092-43B5-B11F-8CA9DE94CDC0}"
EndProject
Project("{FAE04EC0-301F-11D3-BF4B-00C04F79EFBC}") = "BAI3_10", "BAI3_10\BAI3_10.csproj", "{2E701EC8-8FE4-4EFE-99B3-CC7938A6C699}"
EndProject
Global
	GlobalSection(SolutionConfigurationPlatforms) = preSolution
		Debug|Any CPU = Debug|Any CPU
		Release|Any CPU = Release|Any CPU
	EndGlobalSection
	GlobalSection(ProjectConfigurationPlatforms) = postSolution
		{882016B7-F9DC-4E0F-B620-B20FEE1032B3}.Debug|Any CPU.ActiveCfg = Debug|Any CPU
		{882016B7-F9DC-4E0F-B620-B20FEE1032B3}.Debug|Any CPU.Build.0 = Debug|Any CPU
		{882016B7-F9DC-4E0F-B620-B20FEE1032B3}.Release|Any CPU.ActiveCfg = Release|Any CPU
		{882016B7-F9DC-4E0F-B620-B20FEE1032B3}.Release|Any CPU.Build.0 = Release|Any CPU
		{7B8DBDDE-21A4-4F4B-93B2-7DA66750029A}.Debug|Any CPU.ActiveCfg = Debug|Any CPU
		{7B8DBDDE-21A4-4F4B-93B2-7DA66750029A}.Debug|Any CPU.Build.0 = Debug|Any CPU
		{7B8DBDDE-21A4-4F4B-93B2-7DA66750029A}.Release|Any CPU.ActiveCfg = Release|Any CPU
		{7B8DBDDE-21A4-4F4B-93B2-7DA66750029A}.Release|Any CPU.Build.0 = Release|Any CPU
		{EB03DF03-E971-47B3-99F6-8D4A9F59A3CB}.Debug|Any CPU.ActiveCfg = Debug|Any CPU
		{EB03DF03-E971-47B3-99F6-8D4A9F59A3CB}.Debug|Any CPU.Build.0 = Debug|Any CPU
		{EB03DF03-E971-47B3-99F6-8D4A9F59A3CB}.Release|Any CPU.ActiveCfg = Release|Any CPU
		{EB03DF03-E971-47B3-99F6-8D4A9F59A3CB}.Release|Any CPU.Build.0 = Release|Any CPU
		{13C9F8E8-DD13-47F7-9CB0-98B9DBB9DA08}.Debug|Any CPU.ActiveCfg = Debug|Any CPU
		{13C9F8E8-DD13-47F7-9CB0-98B9DBB9DA08}.Debug|Any CPU.Build.0 = Debug|Any CPU
		{13C9F8E8-DD13-47F7-9CB0-98B9DBB9DA08}.Release|Any CPU.ActiveCfg = Release|Any CPU
		{13C9F8E8-DD13-47F7-9CB0-98B9DBB9DA08}.Release|Any CPU.Build.0 = Release|Any CPU
		{EFE8050E-3CA7-47A7-8FDD-1323452F37E3}.Debug|Any CPU.ActiveCfg = Debug|Any CPU
		{EFE8050E-3CA7-47A7-8FDD-1323452F37E3}.Debug|Any CPU.Build.0 = Debug|Any CPU
		{EFE8050E-3CA7-47A7-8FDD-1323452F37E3}.Release|Any CPU.ActiveCfg = Release|Any CPU
		{EFE8050E-3CA7-47A7-8FDD-1323452F37E3}.Release|Any CPU.Build.0 = Release|Any CPU
		{892688AA-84A9-4547-9C5A-02333CE96D40}.Debug|Any CPU.ActiveCfg = Debug|Any CPU
		{892688AA-84A9-4547-9C5A-02333CE96D40}.Debug|Any CPU.Build.0 = Debug|Any CPU
		{892688AA-84A9-4547-9C5A-02333CE96D40}.Release|Any CPU.ActiveCfg = Release|Any CPU
		{892688AA-84A9-4547-9C5A-02333CE96D40}.Release|Any CPU.Build.0 = Release|Any CPU
		{F0F88C1B-B09B-420F-B0E0-CBDCBC2DAC63}.Debug|Any CPU.ActiveCfg = Debug|Any CPU
		{F0F88C1B-B09B-420F-B0E0-CBDCBC2DAC63}.Debug|Any CPU.Build.0 = Debug|Any CPU
		{F0F88C1B-B09B-420F-B0E0-CBDCBC2DAC63}.Release|Any CPU.ActiveCfg = Release|Any CPU
		{F0F88C1B-B09B-420F-B0E0-CBDCBC2DAC63}.Release|Any CPU.Build.0 = Release|Any CPU
		{EEE7067D-8092-43B5-B11F-8CA9DE94CDC0}.Debug|Any CPU.ActiveCfg = Debug|Any CPU
		{EEE7067D-8092-43B5-B11F-8CA9DE94CDC0}.Debug|Any CPU.Build.0 = Debug|Any CPU
		{EEE7067D-8092-43B5-B11F-8CA9DE94CDC0}.Release|Any CPU.ActiveCfg = Release|Any CPU
		{EEE7067D-8092-43B5-B11F-8CA9DE94CDC0}.Release|Any CPU.Build.0 = Release|Any CPU
		{2E701EC8-8FE4-4EFE-99B3-CC7938A6C699}.Debug|Any CPU.ActiveCfg = Debug|Any CPU
		{2E701EC8-8FE4-4EFE-99B3-CC7938A6C699}.Debug|Any CPU.Build.0 = Debug|Any CPU
		{2E701EC8-8FE4-4EFE-99B3-CC7938A6C699}.Release|Any CPU.ActiveCfg = Release|Any CPU
		{2E701EC8-8FE4-4EFE-99B3-CC7938A6C699}.Release|Any CPU.Build.0 = Release|Any CPU
	EndGlobalSection
	GlobalSection(SolutionProperties) = preSolution
		HideSolutionNode = FALSE
	EndGlobalSection
	GlobalSection(ExtensibilityGlobals) = postSolution
		SolutionGuid = {33E74DD8-8FB6-4E9E-B162-98DDFF05F61C}
	EndGlobalSection
EndGlobal
